#MicroXplorer Configuration settings - do not modify
ADC.IPParameters=Resolution,SamplingTime
ADC.Resolution=ADC_RESOLUTION_8B
ADC.SamplingTime=ADC_SAMPLETIME_1CYCLE_5
File.Version=6
I2C1.I2C_Speed_Mode=I2C_Standard
I2C1.IPParameters=Timing,Speed,I2C_Speed_Mode
I2C1.Speed=100
I2C1.Timing=0x00707CBB
KeepUserPlacement=true
Mcu.Family=STM32L0
Mcu.IP0=ADC
Mcu.IP1=I2C1
Mcu.IP10=USB
Mcu.IP11=USB_DEVICE
Mcu.IP2=NVIC
Mcu.IP3=RCC
Mcu.IP4=RTC
Mcu.IP5=SPI1
Mcu.IP6=SYS
Mcu.IP7=TIM21
Mcu.IP8=TIM22
Mcu.IP9=USART1
Mcu.IPNb=12
Mcu.Name=STM32L072R(B-Z)Tx
Mcu.Package=LQFP64
Mcu.Pin0=PC13
Mcu.Pin1=PC14-OSC32_IN
Mcu.Pin10=PC4
Mcu.Pin11=PC5
Mcu.Pin12=PB0
Mcu.Pin13=PB2
Mcu.Pin14=PB10
Mcu.Pin15=PB11
Mcu.Pin16=PC6
Mcu.Pin17=PC7
Mcu.Pin18=PA9
Mcu.Pin19=PA10
Mcu.Pin2=PC15-OSC32_OUT
Mcu.Pin20=PA11
Mcu.Pin21=PA12
Mcu.Pin22=PA13
Mcu.Pin23=PA14
Mcu.Pin24=PA15
Mcu.Pin25=PC11
Mcu.Pin26=PC12
Mcu.Pin27=PB3
Mcu.Pin28=PB4
Mcu.Pin29=PB5
Mcu.Pin3=PH0-OSC_IN
Mcu.Pin30=PB6
Mcu.Pin31=PB7
Mcu.Pin32=PB8
Mcu.Pin33=PB9
Mcu.Pin34=VP_RTC_VS_RTC_Activate
Mcu.Pin35=VP_RTC_VS_RTC_Calendar
Mcu.Pin36=VP_RTC_VS_RTC_WakeUp_intern
Mcu.Pin37=VP_SYS_VS_Systick
Mcu.Pin38=VP_TIM21_VS_ClockSourceINT
Mcu.Pin39=VP_USB_DEVICE_VS_USB_DEVICE_CDC_FS
Mcu.Pin4=PH1-OSC_OUT
Mcu.Pin5=PC3
Mcu.Pin6=PA4
Mcu.Pin7=PA5
Mcu.Pin8=PA6
Mcu.Pin9=PA7
Mcu.PinsNb=40
Mcu.UserConstants=
Mcu.UserName=STM32L072RBTx
MxCube.Version=4.23.0
MxDb.Version=DB.4.0.230
NVIC.HardFault_IRQn=true\:0\:0\:false\:false\:true\:true
NVIC.NonMaskableInt_IRQn=true\:0\:0\:false\:false\:true\:true
NVIC.PendSV_IRQn=true\:0\:0\:false\:false\:true\:true
NVIC.RTC_IRQn=true\:0\:0\:false\:false\:true\:true
NVIC.SVC_IRQn=true\:0\:0\:false\:false\:true\:true
NVIC.SysTick_IRQn=true\:0\:0\:false\:false\:true\:true
NVIC.TIM21_IRQn=true\:0\:0\:false\:false\:true\:true
NVIC.USB_IRQn=true\:0\:0\:false\:false\:true\:true
PA10.Mode=Asynchronous
PA10.Signal=USART1_RX
PA11.Mode=Device
PA11.Signal=USB_DM
PA12.Mode=Device
PA12.Signal=USB_DP
PA13.Mode=Serial_Wire
PA13.Signal=SYS_SWDIO
PA14.Mode=Serial_Wire
PA14.Signal=SYS_SWCLK
PA15.GPIOParameters=GPIO_Label
PA15.GPIO_Label=D_LED_1
PA15.Locked=true
PA15.Signal=GPIO_Output
PA4.GPIOParameters=GPIO_Label
PA4.GPIO_Label=A_V_IN
PA4.Locked=true
PA4.Mode=IN4
PA4.Signal=ADC_IN4
PA5.Mode=Full_Duplex_Master
PA5.Signal=SPI1_SCK
PA6.Mode=Full_Duplex_Master
PA6.Signal=SPI1_MISO
PA7.Mode=Full_Duplex_Master
PA7.Signal=SPI1_MOSI
PA9.Mode=Asynchronous
PA9.Signal=USART1_TX
PB0.GPIOParameters=PinState,GPIO_Label
PB0.GPIO_Label=D_LCD_CS
PB0.Locked=true
PB0.PinState=GPIO_PIN_SET
PB0.Signal=GPIO_Output
PB10.GPIOParameters=GPIO_Label
PB10.GPIO_Label=D_LCD_LIGHT
PB10.Locked=true
PB10.Signal=GPIO_Output
PB11.GPIOParameters=GPIO_Label
PB11.GPIO_Label=D SWO
PB11.Locked=true
PB11.Signal=EVENTOUT
PB2.GPIOParameters=GPIO_Label
PB2.GPIO_Label=_D_MEM_CS
PB2.Locked=true
PB2.Signal=GPIO_Output
PB3.GPIOParameters=GPIO_Label
PB3.GPIO_Label=D_LED_2
PB3.Locked=true
PB3.Signal=GPIO_Output
PB4.GPIOParameters=GPIO_Label
PB4.GPIO_Label=D_OUT1
PB4.Locked=true
PB4.Signal=GPIO_Output
PB5.GPIOParameters=GPIO_Label
PB5.GPIO_Label=D_OUT2
PB5.Locked=true
PB5.Signal=GPIO_Output
PB6.GPIOParameters=GPIO_Label
PB6.GPIO_Label=D_I2C_SCL
PB6.Locked=true
PB6.Mode=I2C
PB6.Signal=I2C1_SCL
PB7.GPIOParameters=GPIO_Label
PB7.GPIO_Label=D_I2C_SDA
PB7.Locked=true
PB7.Mode=I2C
PB7.Signal=I2C1_SDA
PB8.GPIOParameters=GPIO_PuPd,GPIO_Label
PB8.GPIO_Label=D SW ENC
PB8.GPIO_PuPd=GPIO_PULLUP
PB8.Locked=true
PB8.Signal=GPIO_Input
PB9.GPIOParameters=GPIO_PuPd,GPIO_Label
PB9.GPIO_Label=D_SW2
PB9.GPIO_PuPd=GPIO_PULLUP
PB9.Locked=true
PB9.Signal=GPIO_Input
PC11.GPIOParameters=GPIO_Label
PC11.GPIO_Label=D TEMP 1W
PC11.Locked=true
PC11.Signal=GPIO_Input
PC12.GPIOParameters=GPIO_Label
PC12.GPIO_Label=D_TEMP_2W
PC12.Locked=true
PC12.Signal=GPIO_Input
PC13.GPIOParameters=GPIO_PuPd,GPIO_Label
PC13.GPIO_Label=D_SW1
PC13.GPIO_PuPd=GPIO_PULLUP
PC13.Locked=true
PC13.Signal=GPIO_Input
PC14-OSC32_IN.Mode=LSE-External-Oscillator
PC14-OSC32_IN.Signal=RCC_OSC32_IN
PC15-OSC32_OUT.Mode=LSE-External-Oscillator
PC15-OSC32_OUT.Signal=RCC_OSC32_OUT
PC3.GPIOParameters=GPIO_Label
PC3.GPIO_Label=A_V5_IN
PC3.Locked=true
PC3.Mode=IN13
PC3.Signal=ADC_IN13
PC4.GPIOParameters=GPIO_Label
PC4.GPIO_Label=D LCD D/C
PC4.Locked=true
PC4.Signal=GPIO_Output
PC5.GPIOParameters=GPIO_Label
PC5.GPIO_Label=D LCD RST
PC5.Locked=true
PC5.Signal=GPIO_Output
PC6.GPIOParameters=GPIO_PuPd,GPIO_Label
PC6.GPIO_Label=D CHAN A
PC6.GPIO_PuPd=GPIO_PULLUP
PC6.Signal=S_TIM22_CH1
PC7.GPIOParameters=GPIO_PuPd,GPIO_Label
PC7.GPIO_Label=D CHAN B
PC7.GPIO_PuPd=GPIO_PULLUP
PC7.Signal=S_TIM22_CH2
PCC.Checker=true
PCC.Line=STM32L0x2
PCC.MCU=STM32L072R(B-Z)Tx
PCC.PartNumber=STM32L072RBTx
PCC.Seq0=0
PCC.Series=STM32L0
PCC.Temperature=25
PCC.Vdd=3.0
PH0-OSC_IN.Mode=HSE-External-Oscillator
PH0-OSC_IN.Signal=RCC_OSC_IN
PH1-OSC_OUT.Mode=HSE-External-Oscillator
PH1-OSC_OUT.Signal=RCC_OSC_OUT
PinOutPanel.RotationAngle=0
ProjectManager.AskForMigrate=true
ProjectManager.BackupPrevious=false
ProjectManager.CompilerOptimize=2
ProjectManager.ComputerToolchain=false
ProjectManager.CoupleFile=true
ProjectManager.CustomerFirmwarePackage=/home/jakub/STM32Cube/Repository/STM32Cube_FW_L0_V1.10.0
ProjectManager.DefaultFWLocation=true
ProjectManager.DeletePrevious=true
ProjectManager.DeviceId=STM32L072RBTx
ProjectManager.FirmwarePackage=STM32Cube FW_L0 V1.10.0
ProjectManager.FreePins=false
ProjectManager.HalAssertFull=false
ProjectManager.HeapSize=0x200
ProjectManager.KeepUserCode=true
ProjectManager.LastFirmware=true
ProjectManager.LibraryCopy=1
ProjectManager.PreviousToolchain=SW4STM32
ProjectManager.ProjectBuild=false
ProjectManager.ProjectFileName=Termostat_uart.ioc
ProjectManager.ProjectName=Termostat_uart
ProjectManager.StackSize=0x400
ProjectManager.TargetToolchain=SW4STM32
ProjectManager.ToolChainLocation=
ProjectManager.UnderRoot=true
ProjectManager.functionlistsort=1-MX_GPIO_Init-GPIO-false-HAL,2-SystemClock_Config-RCC-false-HAL,3-MX_SPI1_Init-SPI1-false-HAL,4-MX_TIM22_Init-TIM22-false-HAL,5-MX_TIM21_Init-TIM21-false-HAL,6-MX_I2C1_Init-I2C1-false-HAL,7-MX_USB_DEVICE_Init-USB_DEVICE-false-HAL,8-MX_RTC_Init-RTC-false-HAL,9-MX_ADC_Init-ADC-false-HAL,10-MX_USART1_UART_Init-USART1-false-HAL
RCC.48CLKFreq_Value=48000000
RCC.48RNGFreq_Value=48000000
RCC.48USBFreq_Value=48000000
RCC.AHBFreq_Value=32000000
RCC.APB1Freq_Value=32000000
RCC.APB1TimFreq_Value=32000000
RCC.APB2Freq_Value=32000000
RCC.APB2TimFreq_Value=32000000
RCC.FCLKCortexFreq_Value=32000000
RCC.FamilyName=M
RCC.HCLKFreq_Value=32000000
RCC.HSE_VALUE=8000000
RCC.HSI16_VALUE=16000000
RCC.HSI48_VALUE=48000000
RCC.HSI_VALUE=16000000
RCC.I2C1Freq_Value=32000000
RCC.I2C3Freq_Value=32000000
RCC.IPParameters=48CLKFreq_Value,48RNGFreq_Value,48USBFreq_Value,AHBFreq_Value,APB1Freq_Value,APB1TimFreq_Value,APB2Freq_Value,APB2TimFreq_Value,FCLKCortexFreq_Value,FamilyName,HCLKFreq_Value,HSE_VALUE,HSI16_VALUE,HSI48_VALUE,HSI_VALUE,I2C1Freq_Value,I2C3Freq_Value,LPTIMFreq_Value,LPUARTFreq_Value,LSI_VALUE,MCOPinFreq_Value,MSIClockRange,MSI_VALUE,PLLCLKFreq_Value,PLLDIV,PLLMUL,PWRFreq_Value,RTCClockSelectionVirtual,RTCFreq_Value,RTCHSEDivFreq_Value,SYSCLKFreq_VALUE,SYSCLKSource,TIMFreq_Value,TimerFreq_Value,USART1Freq_Value,USART2Freq_Value,VCOInputFreq_Value,VCOOutputFreq_Value,WatchDogFreq_Value
RCC.LPTIMFreq_Value=32000000
RCC.LPUARTFreq_Value=32000000
RCC.LSI_VALUE=37000
RCC.MCOPinFreq_Value=32000000
RCC.MSIClockRange=RCC_MSIRANGE_2
RCC.MSI_VALUE=262144
RCC.PLLCLKFreq_Value=32000000
RCC.PLLDIV=RCC_PLLDIV_3
RCC.PLLMUL=RCC_PLLMUL_12
RCC.PWRFreq_Value=32000000
RCC.RTCClockSelectionVirtual=RCC_RTCCLKSOURCE_LSE
RCC.RTCFreq_Value=32768
RCC.RTCHSEDivFreq_Value=4000000
RCC.SYSCLKFreq_VALUE=32000000
RCC.SYSCLKSource=RCC_SYSCLKSOURCE_PLLCLK
RCC.TIMFreq_Value=32000000
RCC.TimerFreq_Value=32000000
RCC.USART1Freq_Value=32000000
RCC.USART2Freq_Value=32000000
RCC.VCOInputFreq_Value=8000000
RCC.VCOOutputFreq_Value=96000000
RCC.WatchDogFreq_Value=37000
RTC.Date=13
RTC.IPParameters=Year,Date,WakeUpCounter-WakeUp,Month
RTC.Month=RTC_MONTH_NOVEMBER
RTC.WakeUpCounter-WakeUp=0x2616
RTC.Year=18
SH.S_TIM22_CH1.0=TIM22_CH1,Encoder_Interface
SH.S_TIM22_CH1.ConfNb=1
SH.S_TIM22_CH2.0=TIM22_CH2,Encoder_Interface
SH.S_TIM22_CH2.ConfNb=1
SPI1.BaudRatePrescaler=SPI_BAUDRATEPRESCALER_4
SPI1.CLKPhase=SPI_PHASE_1EDGE
SPI1.CLKPolarity=SPI_POLARITY_LOW
SPI1.CalculateBaudRate=8.0 MBits/s
SPI1.Direction=SPI_DIRECTION_2LINES
SPI1.IPParameters=Mode,CalculateBaudRate,BaudRatePrescaler,CLKPolarity,CLKPhase,VirtualType,Direction
SPI1.Mode=SPI_MODE_MASTER
SPI1.VirtualType=VM_MASTER
TIM21.ClockDivision=TIM_CLOCKDIVISION_DIV1
TIM21.IPParameters=Period,ClockDivision,Prescaler
TIM21.Period=0x0FFFF
TIM21.Prescaler=32
TIM22.CounterMode=TIM_COUNTERMODE_UP
TIM22.EncoderMode=TIM_ENCODERMODE_TI1
TIM22.IC1Polarity=TIM_ICPOLARITY_FALLING
TIM22.IC1Prescaler=TIM_ICPSC_DIV2
TIM22.IC2Polarity=TIM_ICPOLARITY_RISING
TIM22.IC2Prescaler=TIM_ICPSC_DIV2
TIM22.IPParameters=Period,IC1Polarity,IC2Polarity,CounterMode,EncoderMode,IC1Prescaler,IC2Prescaler,Prescaler
TIM22.Period=0xFF
TIM22.Prescaler=1
USART1.IPParameters=VirtualMode-Asynchronous,WordLength
USART1.VirtualMode-Asynchronous=VM_ASYNC
USART1.WordLength=WORDLENGTH_8B
USB_DEVICE.CLASS_NAME_FS=CDC
USB_DEVICE.IPParameters=VirtualMode,VirtualModeFS,USBD_HandleTypeDef,CLASS_NAME_FS
USB_DEVICE.USBD_HandleTypeDef=hUsbDeviceFS
USB_DEVICE.VirtualMode=Cdc
USB_DEVICE.VirtualModeFS=Cdc_FS
VP_RTC_VS_RTC_Activate.Mode=RTC_Enabled
VP_RTC_VS_RTC_Activate.Signal=RTC_VS_RTC_Activate
VP_RTC_VS_RTC_Calendar.Mode=RTC_Calendar
VP_RTC_VS_RTC_Calendar.Signal=RTC_VS_RTC_Calendar
VP_RTC_VS_RTC_WakeUp_intern.Mode=WakeUp
VP_RTC_VS_RTC_WakeUp_intern.Signal=RTC_VS_RTC_WakeUp_intern
VP_SYS_VS_Systick.Mode=SysTick
VP_SYS_VS_Systick.Signal=SYS_VS_Systick
VP_TIM21_VS_ClockSourceINT.Mode=Internal
VP_TIM21_VS_ClockSourceINT.Signal=TIM21_VS_ClockSourceINT
VP_USB_DEVICE_VS_USB_DEVICE_CDC_FS.Mode=CDC_FS
VP_USB_DEVICE_VS_USB_DEVICE_CDC_FS.Signal=USB_DEVICE_VS_USB_DEVICE_CDC_FS
board=Termostat_uart
